// !$*UTF8*$!
{
	archiveVersion = 1;
	classes = {
	};
	objectVersion = 46;
	objects = {

/* Begin PBXBuildFile section */
		769B283D1F0FD59756950C64 /* libPods-LTVideoPlayer.a in Frameworks */ = {isa = PBXBuildFile; fileRef = 6F9B535437D44E33A92EACB6 /* libPods-LTVideoPlayer.a */; };
		8D3BE9811EEA681B001C8E2F /* main.m in Sources */ = {isa = PBXBuildFile; fileRef = 8D3BE9801EEA681B001C8E2F /* main.m */; };
		8D3BE9841EEA681B001C8E2F /* AppDelegate.m in Sources */ = {isa = PBXBuildFile; fileRef = 8D3BE9831EEA681B001C8E2F /* AppDelegate.m */; };
		8D3BE9871EEA681B001C8E2F /* ViewController.m in Sources */ = {isa = PBXBuildFile; fileRef = 8D3BE9861EEA681B001C8E2F /* ViewController.m */; };
		8D3BE98A1EEA681B001C8E2F /* Main.storyboard in Resources */ = {isa = PBXBuildFile; fileRef = 8D3BE9881EEA681B001C8E2F /* Main.storyboard */; };
		8D3BE98C1EEA681B001C8E2F /* Assets.xcassets in Resources */ = {isa = PBXBuildFile; fileRef = 8D3BE98B1EEA681B001C8E2F /* Assets.xcassets */; };
		8D3BE98F1EEA681B001C8E2F /* LaunchScreen.storyboard in Resources */ = {isa = PBXBuildFile; fileRef = 8D3BE98D1EEA681B001C8E2F /* LaunchScreen.storyboard */; };
		8D3BE99A1EEA6905001C8E2F /* PlayerController.m in Sources */ = {isa = PBXBuildFile; fileRef = 8D3BE9991EEA6905001C8E2F /* PlayerController.m */; };
		8D3BE99D1EEA692F001C8E2F /* PlayView.m in Sources */ = {isa = PBXBuildFile; fileRef = 8D3BE99C1EEA692F001C8E2F /* PlayView.m */; };
		8D3BE9A11EEA6958001C8E2F /* PlayViewControl.m in Sources */ = {isa = PBXBuildFile; fileRef = 8D3BE99F1EEA6958001C8E2F /* PlayViewControl.m */; };
		8D3BE9A21EEA6958001C8E2F /* PlayViewControl.xib in Resources */ = {isa = PBXBuildFile; fileRef = 8D3BE9A01EEA6958001C8E2F /* PlayViewControl.xib */; };
		8D3BE9D21EEE8132001C8E2F /* PlayView+BaseFunction.m in Sources */ = {isa = PBXBuildFile; fileRef = 8D3BE9D11EEE8132001C8E2F /* PlayView+BaseFunction.m */; };
/* End PBXBuildFile section */

/* Begin PBXFileReference section */
		6F9B535437D44E33A92EACB6 /* libPods-LTVideoPlayer.a */ = {isa = PBXFileReference; explicitFileType = archive.ar; includeInIndex = 0; path = "libPods-LTVideoPlayer.a"; sourceTree = BUILT_PRODUCTS_DIR; };
		7597062836A4996F6ED2E008 /* Pods-LTVideoPlayer.release.xcconfig */ = {isa = PBXFileReference; includeInIndex = 1; lastKnownFileType = text.xcconfig; name = "Pods-LTVideoPlayer.release.xcconfig"; path = "Pods/Target Support Files/Pods-LTVideoPlayer/Pods-LTVideoPlayer.release.xcconfig"; sourceTree = "<group>"; };
		8D3BE97C1EEA681B001C8E2F /* LTVideoPlayer.app */ = {isa = PBXFileReference; explicitFileType = wrapper.application; includeInIndex = 0; path = LTVideoPlayer.app; sourceTree = BUILT_PRODUCTS_DIR; };
		8D3BE9801EEA681B001C8E2F /* main.m */ = {isa = PBXFileReference; lastKnownFileType = sourcecode.c.objc; path = main.m; sourceTree = "<group>"; };
		8D3BE9821EEA681B001C8E2F /* AppDelegate.h */ = {isa = PBXFileReference; lastKnownFileType = sourcecode.c.h; path = AppDelegate.h; sourceTree = "<group>"; };
		8D3BE9831EEA681B001C8E2F /* AppDelegate.m */ = {isa = PBXFileReference; lastKnownFileType = sourcecode.c.objc; path = AppDelegate.m; sourceTree = "<group>"; };
		8D3BE9851EEA681B001C8E2F /* ViewController.h */ = {isa = PBXFileReference; lastKnownFileType = sourcecode.c.h; path = ViewController.h; sourceTree = "<group>"; };
		8D3BE9861EEA681B001C8E2F /* ViewController.m */ = {isa = PBXFileReference; lastKnownFileType = sourcecode.c.objc; path = ViewController.m; sourceTree = "<group>"; };
		8D3BE9891EEA681B001C8E2F /* Base */ = {isa = PBXFileReference; lastKnownFileType = file.storyboard; name = Base; path = Base.lproj/Main.storyboard; sourceTree = "<group>"; };
		8D3BE98B1EEA681B001C8E2F /* Assets.xcassets */ = {isa = PBXFileReference; lastKnownFileType = folder.assetcatalog; path = Assets.xcassets; sourceTree = "<group>"; };
		8D3BE98E1EEA681B001C8E2F /* Base */ = {isa = PBXFileReference; lastKnownFileType = file.storyboard; name = Base; path = Base.lproj/LaunchScreen.storyboard; sourceTree = "<group>"; };
		8D3BE9901EEA681B001C8E2F /* Info.plist */ = {isa = PBXFileReference; lastKnownFileType = text.plist.xml; path = Info.plist; sourceTree = "<group>"; };
		8D3BE9981EEA6905001C8E2F /* PlayerController.h */ = {isa = PBXFileReference; fileEncoding = 4; lastKnownFileType = sourcecode.c.h; path = PlayerController.h; sourceTree = "<group>"; };
		8D3BE9991EEA6905001C8E2F /* PlayerController.m */ = {isa = PBXFileReference; fileEncoding = 4; lastKnownFileType = sourcecode.c.objc; path = PlayerController.m; sourceTree = "<group>"; };
		8D3BE99B1EEA692F001C8E2F /* PlayView.h */ = {isa = PBXFileReference; fileEncoding = 4; lastKnownFileType = sourcecode.c.h; path = PlayView.h; sourceTree = "<group>"; };
		8D3BE99C1EEA692F001C8E2F /* PlayView.m */ = {isa = PBXFileReference; fileEncoding = 4; lastKnownFileType = sourcecode.c.objc; path = PlayView.m; sourceTree = "<group>"; };
		8D3BE99E1EEA6958001C8E2F /* PlayViewControl.h */ = {isa = PBXFileReference; fileEncoding = 4; lastKnownFileType = sourcecode.c.h; path = PlayViewControl.h; sourceTree = "<group>"; };
		8D3BE99F1EEA6958001C8E2F /* PlayViewControl.m */ = {isa = PBXFileReference; fileEncoding = 4; lastKnownFileType = sourcecode.c.objc; path = PlayViewControl.m; sourceTree = "<group>"; };
		8D3BE9A01EEA6958001C8E2F /* PlayViewControl.xib */ = {isa = PBXFileReference; fileEncoding = 4; lastKnownFileType = file.xib; path = PlayViewControl.xib; sourceTree = "<group>"; };
		8D3BE9D01EEE8132001C8E2F /* PlayView+BaseFunction.h */ = {isa = PBXFileReference; fileEncoding = 4; lastKnownFileType = sourcecode.c.h; path = "PlayView+BaseFunction.h"; sourceTree = "<group>"; };
		8D3BE9D11EEE8132001C8E2F /* PlayView+BaseFunction.m */ = {isa = PBXFileReference; fileEncoding = 4; lastKnownFileType = sourcecode.c.objc; path = "PlayView+BaseFunction.m"; sourceTree = "<group>"; };
		C85099C912FD01613444DFD9 /* Pods-LTVideoPlayer.debug.xcconfig */ = {isa = PBXFileReference; includeInIndex = 1; lastKnownFileType = text.xcconfig; name = "Pods-LTVideoPlayer.debug.xcconfig"; path = "Pods/Target Support Files/Pods-LTVideoPlayer/Pods-LTVideoPlayer.debug.xcconfig"; sourceTree = "<group>"; };
/* End PBXFileReference section */

/* Begin PBXFrameworksBuildPhase section */
		8D3BE9791EEA681B001C8E2F /* Frameworks */ = {
			isa = PBXFrameworksBuildPhase;
			buildActionMask = 2147483647;
			files = (
				769B283D1F0FD59756950C64 /* libPods-LTVideoPlayer.a in Frameworks */,
			);
			runOnlyForDeploymentPostprocessing = 0;
		};
/* End PBXFrameworksBuildPhase section */

/* Begin PBXGroup section */
		0EE08F7C0E775CEE542AF1AE /* Pods */ = {
			isa = PBXGroup;
			children = (
				C85099C912FD01613444DFD9 /* Pods-LTVideoPlayer.debug.xcconfig */,
				7597062836A4996F6ED2E008 /* Pods-LTVideoPlayer.release.xcconfig */,
			);
			name = Pods;
			sourceTree = "<group>";
		};
		8D3BE9731EEA681B001C8E2F = {
			isa = PBXGroup;
			children = (
				8D3BE97E1EEA681B001C8E2F /* LTVideoPlayer */,
				8D3BE97D1EEA681B001C8E2F /* Products */,
				0EE08F7C0E775CEE542AF1AE /* Pods */,
				A0AA540534BB6532AFE1E360 /* Frameworks */,
			);
			sourceTree = "<group>";
		};
		8D3BE97D1EEA681B001C8E2F /* Products */ = {
			isa = PBXGroup;
			children = (
				8D3BE97C1EEA681B001C8E2F /* LTVideoPlayer.app */,
			);
			name = Products;
			sourceTree = "<group>";
		};
		8D3BE97E1EEA681B001C8E2F /* LTVideoPlayer */ = {
			isa = PBXGroup;
			children = (
				8D3BE9971EEA68DC001C8E2F /* VideoPlayer */,
				8D3BE9821EEA681B001C8E2F /* AppDelegate.h */,
				8D3BE9831EEA681B001C8E2F /* AppDelegate.m */,
				8D3BE9851EEA681B001C8E2F /* ViewController.h */,
				8D3BE9861EEA681B001C8E2F /* ViewController.m */,
				8D3BE9881EEA681B001C8E2F /* Main.storyboard */,
				8D3BE98B1EEA681B001C8E2F /* Assets.xcassets */,
				8D3BE98D1EEA681B001C8E2F /* LaunchScreen.storyboard */,
				8D3BE9901EEA681B001C8E2F /* Info.plist */,
				8D3BE97F1EEA681B001C8E2F /* Supporting Files */,
			);
			path = LTVideoPlayer;
			sourceTree = "<group>";
		};
		8D3BE97F1EEA681B001C8E2F /* Supporting Files */ = {
			isa = PBXGroup;
			children = (
				8D3BE9801EEA681B001C8E2F /* main.m */,
			);
			name = "Supporting Files";
			sourceTree = "<group>";
		};
		8D3BE9971EEA68DC001C8E2F /* VideoPlayer */ = {
			isa = PBXGroup;
			children = (
				8D3BE9C91EEE7C82001C8E2F /* video+category */,
				8D3BE9981EEA6905001C8E2F /* PlayerController.h */,
				8D3BE9991EEA6905001C8E2F /* PlayerController.m */,
				8D3BE99B1EEA692F001C8E2F /* PlayView.h */,
				8D3BE99C1EEA692F001C8E2F /* PlayView.m */,
				8D3BE99E1EEA6958001C8E2F /* PlayViewControl.h */,
				8D3BE99F1EEA6958001C8E2F /* PlayViewControl.m */,
				8D3BE9A01EEA6958001C8E2F /* PlayViewControl.xib */,
			);
			path = VideoPlayer;
			sourceTree = "<group>";
		};
		8D3BE9C91EEE7C82001C8E2F /* video+category */ = {
			isa = PBXGroup;
			children = (
				8D3BE9D01EEE8132001C8E2F /* PlayView+BaseFunction.h */,
				8D3BE9D11EEE8132001C8E2F /* PlayView+BaseFunction.m */,
			);
			path = "video+category";
			sourceTree = "<group>";
		};
		A0AA540534BB6532AFE1E360 /* Frameworks */ = {
			isa = PBXGroup;
			children = (
				6F9B535437D44E33A92EACB6 /* libPods-LTVideoPlayer.a */,
			);
			name = Frameworks;
			sourceTree = "<group>";
		};
/* End PBXGroup section */

/* Begin PBXNativeTarget section */
		8D3BE97B1EEA681B001C8E2F /* LTVideoPlayer */ = {
			isa = PBXNativeTarget;
			buildConfigurationList = 8D3BE9931EEA681B001C8E2F /* Build configuration list for PBXNativeTarget "LTVideoPlayer" */;
			buildPhases = (
				9F481A8C620F0D3C0007300E /* [CP] Check Pods Manifest.lock */,
				8D3BE9781EEA681B001C8E2F /* Sources */,
				8D3BE9791EEA681B001C8E2F /* Frameworks */,
				8D3BE97A1EEA681B001C8E2F /* Resources */,
				B25AB2274F704A7D52404D5E /* [CP] Embed Pods Frameworks */,
				1C8E9A055CA74A1AC9FAA861 /* [CP] Copy Pods Resources */,
			);
			buildRules = (
			);
			dependencies = (
			);
			name = LTVideoPlayer;
			productName = LTVideoPlayer;
			productReference = 8D3BE97C1EEA681B001C8E2F /* LTVideoPlayer.app */;
			productType = "com.apple.product-type.application";
		};
/* End PBXNativeTarget section */

/* Begin PBXProject section */
		8D3BE9741EEA681B001C8E2F /* Project object */ = {
			isa = PBXProject;
			attributes = {
				LastUpgradeCheck = 0820;
				ORGANIZATIONNAME = LryMlt;
				TargetAttributes = {
					8D3BE97B1EEA681B001C8E2F = {
						CreatedOnToolsVersion = 8.2.1;
						ProvisioningStyle = Automatic;
					};
				};
			};
			buildConfigurationList = 8D3BE9771EEA681B001C8E2F /* Build configuration list for PBXProject "LTVideoPlayer" */;
			compatibilityVersion = "Xcode 3.2";
			developmentRegion = English;
			hasScannedForEncodings = 0;
			knownRegions = (
				en,
				Base,
			);
			mainGroup = 8D3BE9731EEA681B001C8E2F;
			productRefGroup = 8D3BE97D1EEA681B001C8E2F /* Products */;
			projectDirPath = "";
			projectRoot = "";
			targets = (
				8D3BE97B1EEA681B001C8E2F /* LTVideoPlayer */,
			);
		};
/* End PBXProject section */

/* Begin PBXResourcesBuildPhase section */
		8D3BE97A1EEA681B001C8E2F /* Resources */ = {
			isa = PBXResourcesBuildPhase;
			buildActionMask = 2147483647;
			files = (
				8D3BE98F1EEA681B001C8E2F /* LaunchScreen.storyboard in Resources */,
				8D3BE98C1EEA681B001C8E2F /* Assets.xcassets in Resources */,
				8D3BE9A21EEA6958001C8E2F /* PlayViewControl.xib in Resources */,
				8D3BE98A1EEA681B001C8E2F /* Main.storyboard in Resources */,
			);
			runOnlyForDeploymentPostprocessing = 0;
		};
/* End PBXResourcesBuildPhase section */

/* Begin PBXShellScriptBuildPhase section */
		1C8E9A055CA74A1AC9FAA861 /* [CP] Copy Pods Resources */ = {
			isa = PBXShellScriptBuildPhase;
			buildActionMask = 2147483647;
			files = (
			);
			inputPaths = (
			);
			name = "[CP] Copy Pods Resources";
			outputPaths = (
			);
			runOnlyForDeploymentPostprocessing = 0;
			shellPath = /bin/sh;
			shellScript = "\"${SRCROOT}/Pods/Target Support Files/Pods-LTVideoPlayer/Pods-LTVideoPlayer-resources.sh\"\n";
			showEnvVarsInLog = 0;
		};
		9F481A8C620F0D3C0007300E /* [CP] Check Pods Manifest.lock */ = {
			isa = PBXShellScriptBuildPhase;
			buildActionMask = 2147483647;
			files = (
			);
			inputPaths = (
			);
			name = "[CP] Check Pods Manifest.lock";
			outputPaths = (
			);
			runOnlyForDeploymentPostprocessing = 0;
			shellPath = /bin/sh;
			shellScript = "diff \"${PODS_ROOT}/../Podfile.lock\" \"${PODS_ROOT}/Manifest.lock\" > /dev/null\nif [ $? != 0 ] ; then\n    # print error to STDERR\n    echo \"error: The sandbox is not in sync with the Podfile.lock. Run 'pod install' or update your CocoaPods installation.\" >&2\n    exit 1\nfi\n";
			showEnvVarsInLog = 0;
		};
		B25AB2274F704A7D52404D5E /* [CP] Embed Pods Frameworks */ = {
			isa = PBXShellScriptBuildPhase;
			buildActionMask = 2147483647;
			files = (
			);
			inputPaths = (
			);
			name = "[CP] Embed Pods Frameworks";
			outputPaths = (
			);
			runOnlyForDeploymentPostprocessing = 0;
			shellPath = /bin/sh;
			shellScript = "\"${SRCROOT}/Pods/Target Support Files/Pods-LTVideoPlayer/Pods-LTVideoPlayer-frameworks.sh\"\n";
			showEnvVarsInLog = 0;
		};
/* End PBXShellScriptBuildPhase section */

/* Begin PBXSourcesBuildPhase section */
		8D3BE9781EEA681B001C8E2F /* Sources */ = {
			isa = PBXSourcesBuildPhase;
			buildActionMask = 2147483647;
			files = (
				8D3BE9A11EEA6958001C8E2F /* PlayViewControl.m in Sources */,
				8D3BE9871EEA681B001C8E2F /* ViewController.m in Sources */,
				8D3BE9D21EEE8132001C8E2F /* PlayView+BaseFunction.m in Sources */,
				8D3BE9841EEA681B001C8E2F /* AppDelegate.m in Sources */,
				8D3BE99A1EEA6905001C8E2F /* PlayerController.m in Sources */,
				8D3BE9811EEA681B001C8E2F /* main.m in Sources */,
				8D3BE99D1EEA692F001C8E2F /* PlayView.m in Sources */,
			);
			runOnlyForDeploymentPostprocessing = 0;
		};
/* End PBXSourcesBuildPhase section */

/* Begin PBXVariantGroup section */
		8D3BE9881EEA681B001C8E2F /* Main.storyboard */ = {
			isa = PBXVariantGroup;
			children = (
				8D3BE9891EEA681B001C8E2F /* Base */,
			);
			name = Main.storyboard;
			sourceTree = "<group>";
		};
		8D3BE98D1EEA681B001C8E2F /* LaunchScreen.storyboard */ = {
			isa = PBXVariantGroup;
			children = (
				8D3BE98E1EEA681B001C8E2F /* Base */,
			);
			name = LaunchScreen.storyboard;
			sourceTree = "<group>";
		};
/* End PBXVariantGroup section */

/* Begin XCBuildConfiguration section */
		8D3BE9911EEA681B001C8E2F /* Debug */ = {
			isa = XCBuildConfiguration;
			buildSettings = {
				ALWAYS_SEARCH_USER_PATHS = NO;
				CLANG_ANALYZER_NONNULL = YES;
				CLANG_CXX_LANGUAGE_STANDARD = "gnu++0x";
				CLANG_CXX_LIBRARY = "libc++";
				CLANG_ENABLE_MODULES = YES;
				CLANG_ENABLE_OBJC_ARC = YES;
				CLANG_WARN_BOOL_CONVERSION = YES;
				CLANG_WARN_CONSTANT_CONVERSION = YES;
				CLANG_WARN_DIRECT_OBJC_ISA_USAGE = YES_ERROR;
				CLANG_WARN_DOCUMENTATION_COMMENTS = YES;
				CLANG_WARN_EMPTY_BODY = YES;
				CLANG_WARN_ENUM_CONVERSION = YES;
				CLANG_WARN_INFINITE_RECURSION = YES;
				CLANG_WARN_INT_CONVERSION = YES;
				CLANG_WARN_OBJC_ROOT_CLASS = YES_ERROR;
				CLANG_WARN_SUSPICIOUS_MOVE = YES;
				CLANG_WARN_UNREACHABLE_CODE = YES;
				CLANG_WARN__DUPLICATE_METHOD_MATCH = YES;
				"CODE_SIGN_IDENTITY[sdk=iphoneos*]" = "iPhone Developer";
				COPY_PHASE_STRIP = NO;
				DEBUG_INFORMATION_FORMAT = dwarf;
				ENABLE_STRICT_OBJC_MSGSEND = YES;
				ENABLE_TESTABILITY = YES;
				GCC_C_LANGUAGE_STANDARD = gnu99;
				GCC_DYNAMIC_NO_PIC = NO;
				GCC_NO_COMMON_BLOCKS = YES;
				GCC_OPTIMIZATION_LEVEL = 0;
				GCC_PREPROCESSOR_DEFINITIONS = (
					"DEBUG=1",
					"$(inherited)",
				);
				GCC_WARN_64_TO_32_BIT_CONVERSION = YES;
				GCC_WARN_ABOUT_RETURN_TYPE = YES_ERROR;
				GCC_WARN_UNDECLARED_SELECTOR = YES;
				GCC_WARN_UNINITIALIZED_AUTOS = YES_AGGRESSIVE;
				GCC_WARN_UNUSED_FUNCTION = YES;
				GCC_WARN_UNUSED_VARIABLE = YES;
				IPHONEOS_DEPLOYMENT_TARGET = 10.2;
				MTL_ENABLE_DEBUG_INFO = YES;
				ONLY_ACTIVE_ARCH = YES;
				SDKROOT = iphoneos;
			};
			name = Debug;
		};
		8D3BE9921EEA681B001C8E2F /* Release */ = {
			isa = XCBuildConfiguration;
			buildSettings = {
				ALWAYS_SEARCH_USER_PATHS = NO;
				CLANG_ANALYZER_NONNULL = YES;
				CLANG_CXX_LANGUAGE_STANDARD = "gnu++0x";
				CLANG_CXX_LIBRARY = "libc++";
				CLANG_ENABLE_MODULES = YES;
				CLANG_ENABLE_OBJC_ARC = YES;
				CLANG_WARN_BOOL_CONVERSION = YES;
				CLANG_WARN_CONSTANT_CONVERSION = YES;
				CLANG_WARN_DIRECT_OBJC_ISA_USAGE = YES_ERROR;
				CLANG_WARN_DOCUMENTATION_COMMENTS = YES;
				CLANG_WARN_EMPTY_BODY = YES;
				CLANG_WARN_ENUM_CONVERSION = YES;
				CLANG_WARN_INFINITE_RECURSION = YES;
				CLANG_WARN_INT_CONVERSION = YES;
				CLANG_WARN_OBJC_ROOT_CLASS = YES_ERROR;
				CLANG_WARN_SUSPICIOUS_MOVE = YES;
				CLANG_WARN_UNREACHABLE_CODE = YES;
				CLANG_WARN__DUPLICATE_METHOD_MATCH = YES;
				"CODE_SIGN_IDENTITY[sdk=iphoneos*]" = "iPhone Developer";
				COPY_PHASE_STRIP = NO;
				DEBUG_INFORMATION_FORMAT = "dwarf-with-dsym";
				ENABLE_NS_ASSERTIONS = NO;
				ENABLE_STRICT_OBJC_MSGSEND = YES;
				GCC_C_LANGUAGE_STANDARD = gnu99;
				GCC_NO_COMMON_BLOCKS = YES;
				GCC_WARN_64_TO_32_BIT_CONVERSION = YES;
				GCC_WARN_ABOUT_RETURN_TYPE = YES_ERROR;
				GCC_WARN_UNDECLARED_SELECTOR = YES;
				GCC_WARN_UNINITIALIZED_AUTOS = YES_AGGRESSIVE;
				GCC_WARN_UNUSED_FUNCTION = YES;
				GCC_WARN_UNUSED_VARIABLE = YES;
				IPHONEOS_DEPLOYMENT_TARGET = 10.2;
				MTL_ENABLE_DEBUG_INFO = NO;
				SDKROOT = iphoneos;
				VALIDATE_PRODUCT = YES;
			};
			name = Release;
		};
		8D3BE9941EEA681B001C8E2F /* Debug */ = {
			isa = XCBuildConfiguration;
			baseConfigurationReference = C85099C912FD01613444DFD9 /* Pods-LTVideoPlayer.debug.xcconfig */;
			buildSettings = {
				ASSETCATALOG_COMPILER_APPICON_NAME = AppIcon;
				INFOPLIST_FILE = LTVideoPlayer/Info.plist;
				LD_RUNPATH_SEARCH_PATHS = "$(inherited) @executable_path/Frameworks";
				PRODUCT_BUNDLE_IDENTIFIER = cn.lrymlt.LTVideoPlayer;
				PRODUCT_NAME = "$(TARGET_NAME)";
			};
			name = Debug;
		};
		8D3BE9951EEA681B001C8E2F /* Release */ = {
			isa = XCBuildConfiguration;
			baseConfigurationReference = 7597062836A4996F6ED2E008 /* Pods-LTVideoPlayer.release.xcconfig */;
			buildSettings = {
				ASSETCATALOG_COMPILER_APPICON_NAME = AppIcon;
				INFOPLIST_FILE = LTVideoPlayer/Info.plist;
				LD_RUNPATH_SEARCH_PATHS = "$(inherited) @executable_path/Frameworks";
				PRODUCT_BUNDLE_IDENTIFIER = cn.lrymlt.LTVideoPlayer;
				PRODUCT_NAME = "$(TARGET_NAME)";
			};
			name = Release;
		};
/* End XCBuildConfiguration section */

/* Begin XCConfigurationList section */
		8D3BE9771EEA681B001C8E2F /* Build configuration list for PBXProject "LTVideoPlayer" */ = {
			isa = XCConfigurationList;
			buildConfigurations = (
				8D3BE9911EEA681B001C8E2F /* Debug */,
				8D3BE9921EEA681B001C8E2F /* Release */,
			);
			defaultConfigurationIsVisible = 0;
			defaultConfigurationName = Release;
		};
		8D3BE9931EEA681B001C8E2F /* Build configuration list for PBXNativeTarget "LTVideoPlayer" */ = {
			isa = XCConfigurationList;
			buildConfigurations = (
				8D3BE9941EEA681B001C8E2F /* Debug */,
				8D3BE9951EEA681B001C8E2F /* Release */,
			);
			defaultConfigurationIsVisible = 0;
			defaultConfigurationName = Release;
		};
/* End XCConfigurationList section */
	};
	rootObject = 8D3BE9741EEA681B001C8E2F /* Project object */;
}
